{
    "_readme": [
        "This file locks the dependencies of your project to a known state",
        "Read more about it at https://getcomposer.org/doc/01-basic-usage.md#installing-dependencies",
        "This file is @generated automatically"
    ],
    "content-hash": "d71efebc5fac0b9508b69907b2f0c1e8",
    "packages": [
        {
            "name": "tuupola/base58",
            "version": "2.1.0",
            "source": {
                "type": "git",
                "url": "https://github.com/tuupola/base58.git",
                "reference": "4cd1a3972679946e87c0746f59ff8f0760240b4c"
            },
            "dist": {
                "type": "zip",
                "url": "https://api.github.com/repos/tuupola/base58/zipball/4cd1a3972679946e87c0746f59ff8f0760240b4c",
                "reference": "4cd1a3972679946e87c0746f59ff8f0760240b4c",
                "shasum": ""
            },
            "require": {
                "php": "^7.1|^8.0"
            },
            "require-dev": {
                "overtrue/phplint": "^1.0.0",
                "phpbench/phpbench": "^0.13.0",
                "phpstan/phpstan": "^0.12.37",
                "phpunit/phpunit": "^7.0|^8.0|^9.0",
                "squizlabs/php_codesniffer": "^3.0"
            },
            "suggest": {
                "ext-gmp": "GMP extension provides the fastest encoding and decoding."
            },
            "type": "library",
            "autoload": {
                "psr-4": {
                    "Tuupola\\": "src"
                }
            },
            "notification-url": "https://packagist.org/downloads/",
            "license": [
                "MIT"
            ],
            "authors": [
                {
                    "name": "Mika Tuupola",
                    "email": "tuupola@appelsiini.net",
                    "homepage": "https://appelsiini.net/",
                    "role": "Developer"
                }
            ],
            "description": "Base58 encoder and decoder for arbitrary data",
            "homepage": "https://github.com/tuupola/base58",
            "keywords": [
                "base58"
            ],
            "support": {
                "issues": "https://github.com/tuupola/base58/issues",
                "source": "https://github.com/tuupola/base58/tree/2.1.0"
            },
            "funding": [
                {
                    "url": "https://github.com/tuupola",
                    "type": "github"
                }
            ],
            "time": "2020-09-09T11:38:20+00:00"
        }
    ],
    "packages-dev": [],
    "aliases": [],
    "minimum-stability": "stable",
    "stability-flags": [],
    "prefer-stable": false,
    "prefer-lowest": false,
    "platform": [],
    "platform-dev": [],
    "plugin-api-version": "2.3.0"
}
